
Microsoft Visual Studio Solution File, Format Version 12.00
# Visual Studio Version 17
VisualStudioVersion = 17.10.35013.160
MinimumVisualStudioVersion = 10.0.40219.1
Project("{FAE04EC0-301F-11D3-BF4B-00C04F79EFBC}") = "BanKAccountNunitTest", "BanKAccountNunitTest\BanKAccountNunitTest.csproj", "{3842D255-2CFA-498E-9E99-1C3EF0DA214B}"
EndProject
Global
	GlobalSection(SolutionConfigurationPlatforms) = preSolution
		Debug|Any CPU = Debug|Any CPU
		Release|Any CPU = Release|Any CPU
	EndGlobalSection
	GlobalSection(ProjectConfigurationPlatforms) = postSolution
		{3842D255-2CFA-498E-9E99-1C3EF0DA214B}.Debug|Any CPU.ActiveCfg = Debug|Any CPU
		{3842D255-2CFA-498E-9E99-1C3EF0DA214B}.Debug|Any CPU.Build.0 = Debug|Any CPU
		{3842D255-2CFA-498E-9E99-1C3EF0DA214B}.Release|Any CPU.ActiveCfg = Release|Any CPU
		{3842D255-2CFA-498E-9E99-1C3EF0DA214B}.Release|Any CPU.Build.0 = Release|Any CPU
	EndGlobalSection
	GlobalSection(SolutionProperties) = preSolution
		HideSolutionNode = FALSE
	EndGlobalSection
	GlobalSection(ExtensibilityGlobals) = postSolution
		SolutionGuid = {114B5C17-15AD-47D0-A215-81EAB68F06AC}
	EndGlobalSection
EndGlobal
